// !$*UTF8*$!
{
	archiveVersion = 1;
	classes = {
	};
	objectVersion = 46;
	objects = {

/* Begin PBXBuildFile section */
		8D541453230C6E8400A43025 /* CoreLocation.framework in Frameworks */ = {isa = PBXBuildFile; fileRef = 8D541452230C6E8400A43025 /* CoreLocation.framework */; };
		8D541455230C6E8C00A43025 /* CoreMotion.framework in Frameworks */ = {isa = PBXBuildFile; fileRef = 8D541454230C6E8C00A43025 /* CoreMotion.framework */; };
		8D541457230C6E9600A43025 /* CoreTelephony.framework in Frameworks */ = {isa = PBXBuildFile; fileRef = 8D541456230C6E9600A43025 /* CoreTelephony.framework */; };
		8D541459230C6EA100A43025 /* SystemConfiguration.framework in Frameworks */ = {isa = PBXBuildFile; fileRef = 8D541458230C6EA100A43025 /* SystemConfiguration.framework */; };
		8D54145B230C6EB100A43025 /* libsqlite3.0.tbd in Frameworks */ = {isa = PBXBuildFile; fileRef = 8D54145A230C6EB100A43025 /* libsqlite3.0.tbd */; };
		8D54145D230C6EBB00A43025 /* libz.1.1.3.tbd in Frameworks */ = {isa = PBXBuildFile; fileRef = 8D54145C230C6EBB00A43025 /* libz.1.1.3.tbd */; };
		8D541460230C6F6F00A43025 /* sqs-2012-11-05.json in CopyFiles */ = {isa = PBXBuildFile; fileRef = 8D54145E230C6F6F00A43025 /* sqs-2012-11-05.json */; };
		8D541461230C6F6F00A43025 /* s3-2006-03-01.json in CopyFiles */ = {isa = PBXBuildFile; fileRef = 8D54145F230C6F6F00A43025 /* s3-2006-03-01.json */; };
		8D541465230C6FF500A43025 /* ZendriveSDK.framework in Frameworks */ = {isa = PBXBuildFile; fileRef = 8D541464230C6FF500A43025 /* ZendriveSDK.framework */; };
		8D541467230C700A00A43025 /* AWSCore.framework in Frameworks */ = {isa = PBXBuildFile; fileRef = 8D541466230C700900A43025 /* AWSCore.framework */; };
		8D541469230C702000A43025 /* AWSSQS.framework in Frameworks */ = {isa = PBXBuildFile; fileRef = 8D541468230C701F00A43025 /* AWSSQS.framework */; };
		8D54146B230C703600A43025 /* FMDB.framework in Frameworks */ = {isa = PBXBuildFile; fileRef = 8D54146A230C703600A43025 /* FMDB.framework */; };
		8D54146D230C704400A43025 /* ZipArchive.framework in Frameworks */ = {isa = PBXBuildFile; fileRef = 8D54146C230C704400A43025 /* ZipArchive.framework */; };
		8D541470230C715700A43025 /* RNZendriveManager.m in Sources */ = {isa = PBXBuildFile; fileRef = 8D54146F230C715700A43025 /* RNZendriveManager.m */; };
		8D541473230C716D00A43025 /* ZendriveDelegateManager.m in Sources */ = {isa = PBXBuildFile; fileRef = 8D541472230C716D00A43025 /* ZendriveDelegateManager.m */; };
/* End PBXBuildFile section */

/* Begin PBXCopyFilesBuildPhase section */
		58B511D91A9E6C8500147676 /* CopyFiles */ = {
			isa = PBXCopyFilesBuildPhase;
			buildActionMask = 2147483647;
			dstPath = "include/$(PRODUCT_NAME)";
			dstSubfolderSpec = 16;
			files = (
				8D541460230C6F6F00A43025 /* sqs-2012-11-05.json in CopyFiles */,
				8D541461230C6F6F00A43025 /* s3-2006-03-01.json in CopyFiles */,
			);
			runOnlyForDeploymentPostprocessing = 0;
		};
/* End PBXCopyFilesBuildPhase section */

/* Begin PBXFileReference section */
		134814201AA4EA6300B7C361 /* libRNZendrive.a */ = {isa = PBXFileReference; explicitFileType = archive.ar; includeInIndex = 0; path = libRNZendrive.a; sourceTree = BUILT_PRODUCTS_DIR; };
		8D541452230C6E8400A43025 /* CoreLocation.framework */ = {isa = PBXFileReference; lastKnownFileType = wrapper.framework; name = CoreLocation.framework; path = System/Library/Frameworks/CoreLocation.framework; sourceTree = SDKROOT; };
		8D541454230C6E8C00A43025 /* CoreMotion.framework */ = {isa = PBXFileReference; lastKnownFileType = wrapper.framework; name = CoreMotion.framework; path = System/Library/Frameworks/CoreMotion.framework; sourceTree = SDKROOT; };
		8D541456230C6E9600A43025 /* CoreTelephony.framework */ = {isa = PBXFileReference; lastKnownFileType = wrapper.framework; name = CoreTelephony.framework; path = System/Library/Frameworks/CoreTelephony.framework; sourceTree = SDKROOT; };
		8D541458230C6EA100A43025 /* SystemConfiguration.framework */ = {isa = PBXFileReference; lastKnownFileType = wrapper.framework; name = SystemConfiguration.framework; path = System/Library/Frameworks/SystemConfiguration.framework; sourceTree = SDKROOT; };
		8D54145A230C6EB100A43025 /* libsqlite3.0.tbd */ = {isa = PBXFileReference; lastKnownFileType = "sourcecode.text-based-dylib-definition"; name = libsqlite3.0.tbd; path = usr/lib/libsqlite3.0.tbd; sourceTree = SDKROOT; };
		8D54145C230C6EBB00A43025 /* libz.1.1.3.tbd */ = {isa = PBXFileReference; lastKnownFileType = "sourcecode.text-based-dylib-definition"; name = libz.1.1.3.tbd; path = usr/lib/libz.1.1.3.tbd; sourceTree = SDKROOT; };
		8D54145E230C6F6F00A43025 /* sqs-2012-11-05.json */ = {isa = PBXFileReference; lastKnownFileType = text.json; path = "sqs-2012-11-05.json"; sourceTree = "<group>"; };
		8D54145F230C6F6F00A43025 /* s3-2006-03-01.json */ = {isa = PBXFileReference; lastKnownFileType = text.json; path = "s3-2006-03-01.json"; sourceTree = "<group>"; };
		8D541464230C6FF500A43025 /* ZendriveSDK.framework */ = {isa = PBXFileReference; lastKnownFileType = wrapper.framework; path = ZendriveSDK.framework; sourceTree = "<group>"; };
		8D541466230C700900A43025 /* AWSCore.framework */ = {isa = PBXFileReference; lastKnownFileType = wrapper.framework; path = AWSCore.framework; sourceTree = "<group>"; };
		8D541468230C701F00A43025 /* AWSSQS.framework */ = {isa = PBXFileReference; lastKnownFileType = wrapper.framework; path = AWSSQS.framework; sourceTree = "<group>"; };
		8D54146A230C703600A43025 /* FMDB.framework */ = {isa = PBXFileReference; lastKnownFileType = wrapper.framework; path = FMDB.framework; sourceTree = "<group>"; };
		8D54146C230C704400A43025 /* ZipArchive.framework */ = {isa = PBXFileReference; lastKnownFileType = wrapper.framework; path = ZipArchive.framework; sourceTree = "<group>"; };
		8D54146E230C714900A43025 /* RNZendrive.h */ = {isa = PBXFileReference; fileEncoding = 4; lastKnownFileType = sourcecode.c.h; path = RNZendrive.h; sourceTree = "<group>"; };
		8D54146F230C715700A43025 /* RNZendriveManager.m */ = {isa = PBXFileReference; fileEncoding = 4; lastKnownFileType = sourcecode.c.objc; path = RNZendriveManager.m; sourceTree = "<group>"; };
		8D541471230C716200A43025 /* ZendriveDelegateManager.h */ = {isa = PBXFileReference; fileEncoding = 4; lastKnownFileType = sourcecode.c.h; path = ZendriveDelegateManager.h; sourceTree = "<group>"; };
		8D541472230C716D00A43025 /* ZendriveDelegateManager.m */ = {isa = PBXFileReference; fileEncoding = 4; lastKnownFileType = sourcecode.c.objc; path = ZendriveDelegateManager.m; sourceTree = "<group>"; };
/* End PBXFileReference section */

/* Begin PBXFrameworksBuildPhase section */
		58B511D81A9E6C8500147676 /* Frameworks */ = {
			isa = PBXFrameworksBuildPhase;
			buildActionMask = 2147483647;
			files = (
				8D54145D230C6EBB00A43025 /* libz.1.1.3.tbd in Frameworks */,
				8D541467230C700A00A43025 /* AWSCore.framework in Frameworks */,
				8D54145B230C6EB100A43025 /* libsqlite3.0.tbd in Frameworks */,
				8D54146B230C703600A43025 /* FMDB.framework in Frameworks */,
				8D541465230C6FF500A43025 /* ZendriveSDK.framework in Frameworks */,
				8D541459230C6EA100A43025 /* SystemConfiguration.framework in Frameworks */,
				8D54146D230C704400A43025 /* ZipArchive.framework in Frameworks */,
				8D541457230C6E9600A43025 /* CoreTelephony.framework in Frameworks */,
				8D541455230C6E8C00A43025 /* CoreMotion.framework in Frameworks */,
				8D541469230C702000A43025 /* AWSSQS.framework in Frameworks */,
				8D541453230C6E8400A43025 /* CoreLocation.framework in Frameworks */,
			);
			runOnlyForDeploymentPostprocessing = 0;
		};
/* End PBXFrameworksBuildPhase section */

/* Begin PBXGroup section */
		134814211AA4EA7D00B7C361 /* Products */ = {
			isa = PBXGroup;
			children = (
				134814201AA4EA6300B7C361 /* libRNZendrive.a */,
			);
			name = Products;
			sourceTree = "<group>";
		};
		58B511D21A9E6C8500147676 = {
			isa = PBXGroup;
			children = (
				8D541472230C716D00A43025 /* ZendriveDelegateManager.m */,
				8D541471230C716200A43025 /* ZendriveDelegateManager.h */,
				8D54146E230C714900A43025 /* RNZendrive.h */,
				8D54146F230C715700A43025 /* RNZendriveManager.m */,
				8D54145F230C6F6F00A43025 /* s3-2006-03-01.json */,
				8D54145E230C6F6F00A43025 /* sqs-2012-11-05.json */,
				134814211AA4EA7D00B7C361 /* Products */,
				8D541451230C6E8400A43025 /* Frameworks */,
			);
			sourceTree = "<group>";
		};
		8D541451230C6E8400A43025 /* Frameworks */ = {
			isa = PBXGroup;
			children = (
				8D54146C230C704400A43025 /* ZipArchive.framework */,
				8D54146A230C703600A43025 /* FMDB.framework */,
				8D541468230C701F00A43025 /* AWSSQS.framework */,
				8D541466230C700900A43025 /* AWSCore.framework */,
				8D541464230C6FF500A43025 /* ZendriveSDK.framework */,
				8D54145C230C6EBB00A43025 /* libz.1.1.3.tbd */,
				8D54145A230C6EB100A43025 /* libsqlite3.0.tbd */,
				8D541458230C6EA100A43025 /* SystemConfiguration.framework */,
				8D541456230C6E9600A43025 /* CoreTelephony.framework */,
				8D541454230C6E8C00A43025 /* CoreMotion.framework */,
				8D541452230C6E8400A43025 /* CoreLocation.framework */,
			);
			name = Frameworks;
			sourceTree = "<group>";
		};
/* End PBXGroup section */

/* Begin PBXNativeTarget section */
		58B511DA1A9E6C8500147676 /* RNZendrive */ = {
			isa = PBXNativeTarget;
			buildConfigurationList = 58B511EF1A9E6C8500147676 /* Build configuration list for PBXNativeTarget "RNZendrive" */;
			buildPhases = (
				58B511D71A9E6C8500147676 /* Sources */,
				58B511D81A9E6C8500147676 /* Frameworks */,
				58B511D91A9E6C8500147676 /* CopyFiles */,
			);
			buildRules = (
			);
			dependencies = (
			);
			name = RNZendrive;
			productName = RCTDataManager;
			productReference = 134814201AA4EA6300B7C361 /* libRNZendrive.a */;
			productType = "com.apple.product-type.library.static";
		};
/* End PBXNativeTarget section */

/* Begin PBXProject section */
		58B511D31A9E6C8500147676 /* Project object */ = {
			isa = PBXProject;
			attributes = {
				LastUpgradeCheck = 0920;
				ORGANIZATIONNAME = Facebook;
				TargetAttributes = {
					58B511DA1A9E6C8500147676 = {
						CreatedOnToolsVersion = 6.1.1;
					};
				};
			};
			buildConfigurationList = 58B511D61A9E6C8500147676 /* Build configuration list for PBXProject "RNZendrive" */;
			compatibilityVersion = "Xcode 3.2";
			developmentRegion = English;
			hasScannedForEncodings = 0;
			knownRegions = (
				English,
				en,
			);
			mainGroup = 58B511D21A9E6C8500147676;
			productRefGroup = 58B511D21A9E6C8500147676;
			projectDirPath = "";
			projectRoot = "";
			targets = (
				58B511DA1A9E6C8500147676 /* RNZendrive */,
			);
		};
/* End PBXProject section */

/* Begin PBXSourcesBuildPhase section */
		58B511D71A9E6C8500147676 /* Sources */ = {
			isa = PBXSourcesBuildPhase;
			buildActionMask = 2147483647;
			files = (
				8D541470230C715700A43025 /* RNZendriveManager.m in Sources */,
				8D541473230C716D00A43025 /* ZendriveDelegateManager.m in Sources */,
			);
			runOnlyForDeploymentPostprocessing = 0;
		};
/* End PBXSourcesBuildPhase section */

/* Begin XCBuildConfiguration section */
		58B511ED1A9E6C8500147676 /* Debug */ = {
			isa = XCBuildConfiguration;
			buildSettings = {
				ALWAYS_SEARCH_USER_PATHS = NO;
				CLANG_CXX_LANGUAGE_STANDARD = "gnu++0x";
				CLANG_CXX_LIBRARY = "libc++";
				CLANG_ENABLE_MODULES = YES;
				CLANG_ENABLE_OBJC_ARC = YES;
				CLANG_WARN_BLOCK_CAPTURE_AUTORELEASING = YES;
				CLANG_WARN_BOOL_CONVERSION = YES;
				CLANG_WARN_COMMA = YES;
				CLANG_WARN_CONSTANT_CONVERSION = YES;
				CLANG_WARN_DIRECT_OBJC_ISA_USAGE = YES_ERROR;
				CLANG_WARN_EMPTY_BODY = YES;
				CLANG_WARN_ENUM_CONVERSION = YES;
				CLANG_WARN_INFINITE_RECURSION = YES;
				CLANG_WARN_INT_CONVERSION = YES;
				CLANG_WARN_NON_LITERAL_NULL_CONVERSION = YES;
				CLANG_WARN_OBJC_LITERAL_CONVERSION = YES;
				CLANG_WARN_OBJC_ROOT_CLASS = YES_ERROR;
				CLANG_WARN_RANGE_LOOP_ANALYSIS = YES;
				CLANG_WARN_STRICT_PROTOTYPES = YES;
				CLANG_WARN_SUSPICIOUS_MOVE = YES;
				CLANG_WARN_UNREACHABLE_CODE = YES;
				CLANG_WARN__DUPLICATE_METHOD_MATCH = YES;
				COPY_PHASE_STRIP = NO;
				ENABLE_STRICT_OBJC_MSGSEND = YES;
				ENABLE_TESTABILITY = YES;
				GCC_C_LANGUAGE_STANDARD = gnu99;
				GCC_DYNAMIC_NO_PIC = NO;
				GCC_NO_COMMON_BLOCKS = YES;
				GCC_OPTIMIZATION_LEVEL = 0;
				GCC_PREPROCESSOR_DEFINITIONS = (
					"DEBUG=1",
					"$(inherited)",
				);
				GCC_SYMBOLS_PRIVATE_EXTERN = NO;
				GCC_WARN_64_TO_32_BIT_CONVERSION = YES;
				GCC_WARN_ABOUT_RETURN_TYPE = YES_ERROR;
				GCC_WARN_UNDECLARED_SELECTOR = YES;
				GCC_WARN_UNINITIALIZED_AUTOS = YES_AGGRESSIVE;
				GCC_WARN_UNUSED_FUNCTION = YES;
				GCC_WARN_UNUSED_VARIABLE = YES;
				IPHONEOS_DEPLOYMENT_TARGET = 8.0;
				MTL_ENABLE_DEBUG_INFO = YES;
				ONLY_ACTIVE_ARCH = YES;
				SDKROOT = iphoneos;
			};
			name = Debug;
		};
		58B511EE1A9E6C8500147676 /* Release */ = {
			isa = XCBuildConfiguration;
			buildSettings = {
				ALWAYS_SEARCH_USER_PATHS = NO;
				CLANG_CXX_LANGUAGE_STANDARD = "gnu++0x";
				CLANG_CXX_LIBRARY = "libc++";
				CLANG_ENABLE_MODULES = YES;
				CLANG_ENABLE_OBJC_ARC = YES;
				CLANG_WARN_BLOCK_CAPTURE_AUTORELEASING = YES;
				CLANG_WARN_BOOL_CONVERSION = YES;
				CLANG_WARN_COMMA = YES;
				CLANG_WARN_CONSTANT_CONVERSION = YES;
				CLANG_WARN_DIRECT_OBJC_ISA_USAGE = YES_ERROR;
				CLANG_WARN_EMPTY_BODY = YES;
				CLANG_WARN_ENUM_CONVERSION = YES;
				CLANG_WARN_INFINITE_RECURSION = YES;
				CLANG_WARN_INT_CONVERSION = YES;
				CLANG_WARN_NON_LITERAL_NULL_CONVERSION = YES;
				CLANG_WARN_OBJC_LITERAL_CONVERSION = YES;
				CLANG_WARN_OBJC_ROOT_CLASS = YES_ERROR;
				CLANG_WARN_RANGE_LOOP_ANALYSIS = YES;
				CLANG_WARN_STRICT_PROTOTYPES = YES;
				CLANG_WARN_SUSPICIOUS_MOVE = YES;
				CLANG_WARN_UNREACHABLE_CODE = YES;
				CLANG_WARN__DUPLICATE_METHOD_MATCH = YES;
				COPY_PHASE_STRIP = YES;
				ENABLE_NS_ASSERTIONS = NO;
				ENABLE_STRICT_OBJC_MSGSEND = YES;
				GCC_C_LANGUAGE_STANDARD = gnu99;
				GCC_NO_COMMON_BLOCKS = YES;
				GCC_WARN_64_TO_32_BIT_CONVERSION = YES;
				GCC_WARN_ABOUT_RETURN_TYPE = YES_ERROR;
				GCC_WARN_UNDECLARED_SELECTOR = YES;
				GCC_WARN_UNINITIALIZED_AUTOS = YES_AGGRESSIVE;
				GCC_WARN_UNUSED_FUNCTION = YES;
				GCC_WARN_UNUSED_VARIABLE = YES;
				IPHONEOS_DEPLOYMENT_TARGET = 8.0;
				MTL_ENABLE_DEBUG_INFO = NO;
				SDKROOT = iphoneos;
				VALIDATE_PRODUCT = YES;
			};
			name = Release;
		};
		58B511F01A9E6C8500147676 /* Debug */ = {
			isa = XCBuildConfiguration;
			buildSettings = {
				ENABLE_BITCODE = NO;
				FRAMEWORK_SEARCH_PATHS = (
					"$(inherited)",
					"$(PROJECT_DIR)",
				);
				HEADER_SEARCH_PATHS = (
					"$(inherited)",
					/Applications/Xcode.app/Contents/Developer/Toolchains/XcodeDefault.xctoolchain/usr/include,
					"$(SRCROOT)/../../../React/**",
					"$(SRCROOT)/../../react-native/React/**",
				);
				LIBRARY_SEARCH_PATHS = "$(inherited)";
				OTHER_LDFLAGS = "-ObjC";
				PRODUCT_NAME = RNZendrive;
				SKIP_INSTALL = YES;
			};
			name = Debug;
		};
		58B511F11A9E6C8500147676 /* Release */ = {
			isa = XCBuildConfiguration;
			buildSettings = {
				ENABLE_BITCODE = NO;
				FRAMEWORK_SEARCH_PATHS = (
					"$(inherited)",
					"$(PROJECT_DIR)",
				);
				HEADER_SEARCH_PATHS = (
					"$(inherited)",
					/Applications/Xcode.app/Contents/Developer/Toolchains/XcodeDefault.xctoolchain/usr/include,
					"$(SRCROOT)/../../../React/**",
					"$(SRCROOT)/../../react-native/React/**",
				);
				LIBRARY_SEARCH_PATHS = "$(inherited)";
				OTHER_LDFLAGS = "-ObjC";
				PRODUCT_NAME = RNZendrive;
				SKIP_INSTALL = YES;
			};
			name = Release;
		};
/* End XCBuildConfiguration section */

/* Begin XCConfigurationList section */
		58B511D61A9E6C8500147676 /* Build configuration list for PBXProject "RNZendrive" */ = {
			isa = XCConfigurationList;
			buildConfigurations = (
				58B511ED1A9E6C8500147676 /* Debug */,
				58B511EE1A9E6C8500147676 /* Release */,
			);
			defaultConfigurationIsVisible = 0;
			defaultConfigurationName = Release;
		};
		58B511EF1A9E6C8500147676 /* Build configuration list for PBXNativeTarget "RNZendrive" */ = {
			isa = XCConfigurationList;
			buildConfigurations = (
				58B511F01A9E6C8500147676 /* Debug */,
				58B511F11A9E6C8500147676 /* Release */,
			);
			defaultConfigurationIsVisible = 0;
			defaultConfigurationName = Release;
		};
/* End XCConfigurationList section */
	};
	rootObject = 58B511D31A9E6C8500147676 /* Project object */;
}
